{
  "lockfileVersion": 1,
  "workspaces": {
    "": {
      "dependencies": {
        "hono": "^4.6.17",
        "itty-router": "^5.0.18",
      },
    },
  },
  "packages": {
    "hono": ["hono@4.6.17", "", {}, "sha512-Kbh4M0so2RzLiIg6iP33DoTU68TdvP2O/kb1Hhhdwa37fazuf402ig8ZRfjkz2dqXwiWl2dAgh0f++TuKAdOtQ=="],

    "itty-router": ["itty-router@5.0.18", "", {}, "sha512-mK3ReOt4ARAGy0V0J7uHmArG2USN2x0zprZ+u+YgmeRjXTDbaowDy3kPcsmQY6tH+uHhDgpWit9Vqmv/4rTXwA=="],
  }
}
